{
    "_readme": [
        "This file locks the dependencies of your project to a known state",
        "Read more about it at https://getcomposer.org/doc/01-basic-usage.md#composer-lock-the-lock-file",
        "This file is @generated automatically"
    ],
    "hash": "84ea090638cbfe0c5cf7f83725d2e8f9",
    "content-hash": "42bf95556734ffd63d8554c540c02ccd",
    "packages": [
        {
            "name": "composer.json/composer.lock",
            "version": "dev-6eff9a2ed7d1751f27bc0fd0c7f1c49e",
            "require": {
                "heroku-sys/ext-curl": "*",
                "heroku-sys/ext-gd": "*",
                "heroku-sys/ext-mcrypt": "*",
                "heroku-sys/ext-soap": "*",
                "heroku-sys/ext-zip": "*",
                "heroku-sys/ext-zlib": "*"
            },
            "type": "metapackage"
        },
        {
            "name": "heroku-sys/apache",
            "version": "2.4.20",
            "dist": {
                "type": "heroku-sys-tar",
                "url": "https://lang-php.s3.amazonaws.com/dist-cedar-14-stable/apache-2.4.20.tar.gz",
                "reference": null,
                "shasum": null
            },
            "require": {
                "heroku-sys/cedar": "^14.0.0",
                "heroku/installer-plugin": "^1.2.0"
            },
            "type": "heroku-sys-webserver",
            "extra": {
                "export": "bin/export.apache2.sh",
                "profile": "bin/profile.apache2.sh"
            },
            "time": "2016-04-11 21:08:57"
        },
        {
            "name": "heroku-sys/ext-newrelic",
            "version": "6.2.0.158",
            "dist": {
                "type": "heroku-sys-tar",
                "url": "https://lang-php.s3.amazonaws.com/dist-cedar-14-stable/extensions/no-debug-non-zts-20131226/newrelic-6.2.0.158.tar.gz",
                "reference": null,
                "shasum": null
            },
            "require": {
                "heroku-sys/cedar": "^14.0.0",
                "heroku-sys/php": "5.6.*",
                "heroku/installer-plugin": "^1.2.0"
            },
            "conflict": {
                "heroku-sys/hhvm": "*"
            },
            "type": "heroku-sys-php-extension",
            "extra": {
                "config": "etc/php/conf.d/newrelic.ini-dist",
                "profile": "bin/profile.newrelic.sh"
            },
            "time": "2016-04-12 21:01:55"
        },
        {
            "name": "heroku-sys/nginx",
            "version": "1.8.1",
            "dist": {
                "type": "heroku-sys-tar",
                "url": "https://lang-php.s3.amazonaws.com/dist-cedar-14-stable/nginx-1.8.1.tar.gz",
                "reference": null,
                "shasum": null
            },
            "require": {
                "heroku-sys/cedar": "^14.0.0",
                "heroku/installer-plugin": "^1.2.0"
            },
            "type": "heroku-sys-webserver",
            "extra": {
                "export": "bin/export.nginx.sh",
                "profile": "bin/profile.nginx.sh"
            },
            "time": "2016-03-08 16:50:11"
        },
        {
            "name": "heroku-sys/php",
            "version": "5.6.21",
            "dist": {
                "type": "heroku-sys-tar",
                "url": "https://lang-php.s3.amazonaws.com/dist-cedar-14-stable/php-5.6.21.tar.gz",
                "reference": null,
                "shasum": null
            },
            "require": {
                "heroku-sys/cedar": "^14.0.0",
                "heroku/installer-plugin": "^1.2.0"
            },
            "conflict": {
                "heroku-sys/hhvm": "*"
            },
            "replace": {
                "heroku-sys/ext-bcmath": "0",
                "heroku-sys/ext-bz2": "0",
                "heroku-sys/ext-calendar": "0",
                "heroku-sys/ext-ctype": "0",
                "heroku-sys/ext-curl": "0",
                "heroku-sys/ext-date": "self.version",
                "heroku-sys/ext-dom": "20031129",
                "heroku-sys/ext-ereg": "0",
                "heroku-sys/ext-exif": "0",
                "heroku-sys/ext-fileinfo": "1.0.5",
                "heroku-sys/ext-filter": "0.11.0",
                "heroku-sys/ext-ftp": "0",
                "heroku-sys/ext-gd": "0",
                "heroku-sys/ext-gettext": "0",
                "heroku-sys/ext-gmp": "0",
                "heroku-sys/ext-hash": "1.0",
                "heroku-sys/ext-iconv": "0",
                "heroku-sys/ext-imap": "0",
                "heroku-sys/ext-intl": "1.1.0",
                "heroku-sys/ext-json": "1.2.1",
                "heroku-sys/ext-ldap": "0",
                "heroku-sys/ext-libxml": "0",
                "heroku-sys/ext-mbstring": "0",
                "heroku-sys/ext-mcrypt": "0",
                "heroku-sys/ext-mysql": "1.0",
                "heroku-sys/ext-mysqli": "0.1",
                "heroku-sys/ext-mysqlnd": "0",
                "heroku-sys/ext-openssl": "0",
                "heroku-sys/ext-pcntl": "0",
                "heroku-sys/ext-pcre": "0",
                "heroku-sys/ext-pdo": "1.0.4dev",
                "heroku-sys/ext-pdo_mysql": "1.0.2",
                "heroku-sys/ext-pdo_pgsql": "1.0.2",
                "heroku-sys/ext-pdo_sqlite": "1.0.1",
                "heroku-sys/ext-pgsql": "0",
                "heroku-sys/ext-phar": "2.0.2",
                "heroku-sys/ext-posix": "0",
                "heroku-sys/ext-readline": "self.version",
                "heroku-sys/ext-reflection": "0",
                "heroku-sys/ext-session": "0",
                "heroku-sys/ext-shmop": "0",
                "heroku-sys/ext-simplexml": "0.1",
                "heroku-sys/ext-soap": "0",
                "heroku-sys/ext-sockets": "0",
                "heroku-sys/ext-spl": "0.2",
                "heroku-sys/ext-sqlite3": "0.7-dev",
                "heroku-sys/ext-tokenizer": "0.1",
                "heroku-sys/ext-xml": "0",
                "heroku-sys/ext-xmlreader": "0.1",
                "heroku-sys/ext-xmlrpc": "0.51",
                "heroku-sys/ext-xmlwriter": "0.1",
                "heroku-sys/ext-xsl": "0.1",
                "heroku-sys/ext-zend-opcache": "0",
                "heroku-sys/ext-zip": "1.12.5",
                "heroku-sys/ext-zlib": "2.0",
                "heroku-sys/php-64bit": "self.version"
            },
            "type": "heroku-sys-php",
            "extra": {
                "export": "bin/export.php.sh",
                "profile": "bin/profile.php.sh",
                "shared": {
                    "heroku-sys/ext-bcmath": true,
                    "heroku-sys/ext-calendar": true,
                    "heroku-sys/ext-exif": true,
                    "heroku-sys/ext-ftp": true,
                    "heroku-sys/ext-gd": true,
                    "heroku-sys/ext-gettext": true,
                    "heroku-sys/ext-gmp": true,
                    "heroku-sys/ext-imap": true,
                    "heroku-sys/ext-intl": true,
                    "heroku-sys/ext-ldap": true,
                    "heroku-sys/ext-mbstring": true,
                    "heroku-sys/ext-mysql": true,
                    "heroku-sys/ext-pcntl": true,
                    "heroku-sys/ext-pdo_sqlite": true,
                    "heroku-sys/ext-shmop": true,
                    "heroku-sys/ext-soap": true,
                    "heroku-sys/ext-sqlite3": true,
                    "heroku-sys/ext-xmlrpc": true,
                    "heroku-sys/ext-xsl": true
                }
            },
            "time": "2016-04-28 23:40:28"
        },
        {
            "name": "heroku/installer-plugin",
            "version": "1.2.1",
            "dist": {
                "type": "path",
                "url": "/app/tmp/buildpacks/php/support/installer",
                "reference": null,
                "shasum": null
            },
            "require": {
                "composer-plugin-api": "^1.0.0"
            },
            "type": "composer-plugin",
            "extra": {
                "class": "Heroku\\Buildpack\\PHP\\ComposerInstallerPlugin"
            },
            "autoload": {
                "psr-4": {
                    "Heroku\\Buildpack\\PHP\\": "src/"
                }
            },
            "transport-options": {
                "symlink": false
            }
        }
    ],
    "packages-dev": [],
    "aliases": [],
    "minimum-stability": "stable",
    "stability-flags": {
        "composer.json/composer.lock": 20
    },
    "prefer-stable": false,
    "prefer-lowest": false,
    "platform": [],
    "platform-dev": []
}
